
Microsoft Visual Studio Solution File, Format Version 12.00
# Visual Studio Version 16
VisualStudioVersion = 16.0.33130.400
MinimumVisualStudioVersion = 10.0.40219.1
Project("{FAE04EC0-301F-11D3-BF4B-00C04F79EFBC}") = "SEMANA9", "SEMANA9\SEMANA9.csproj", "{1585DA3F-9606-4AD8-87E6-0D76181BA714}"
EndProject
Global
	GlobalSection(SolutionConfigurationPlatforms) = preSolution
		Debug|Any CPU = Debug|Any CPU
		Release|Any CPU = Release|Any CPU
	EndGlobalSection
	GlobalSection(ProjectConfigurationPlatforms) = postSolution
		{1585DA3F-9606-4AD8-87E6-0D76181BA714}.Debug|Any CPU.ActiveCfg = Debug|Any CPU
		{1585DA3F-9606-4AD8-87E6-0D76181BA714}.Debug|Any CPU.Build.0 = Debug|Any CPU
		{1585DA3F-9606-4AD8-87E6-0D76181BA714}.Release|Any CPU.ActiveCfg = Release|Any CPU
		{1585DA3F-9606-4AD8-87E6-0D76181BA714}.Release|Any CPU.Build.0 = Release|Any CPU
	EndGlobalSection
	GlobalSection(SolutionProperties) = preSolution
		HideSolutionNode = FALSE
	EndGlobalSection
	GlobalSection(ExtensibilityGlobals) = postSolution
		SolutionGuid = {DEACF24F-F0C0-440D-8792-A9000605D6A7}
	EndGlobalSection
EndGlobal
